// !$*UTF8*$!
{
	archiveVersion = 1;
	classes = {
	};
	objectVersion = 55;
	objects = {

/* Begin PBXBuildFile section */
		9E7F6D792890DD8600B4E556 /* AppDelegate.swift in Sources */ = {isa = PBXBuildFile; fileRef = 9E7F6D782890DD8600B4E556 /* AppDelegate.swift */; };
		9E7F6D7B2890DD8600B4E556 /* SceneDelegate.swift in Sources */ = {isa = PBXBuildFile; fileRef = 9E7F6D7A2890DD8600B4E556 /* SceneDelegate.swift */; };
		9E7F6D7D2890DD8600B4E556 /* ViewController.swift in Sources */ = {isa = PBXBuildFile; fileRef = 9E7F6D7C2890DD8600B4E556 /* ViewController.swift */; };
		9E7F6D802890DD8600B4E556 /* Main.storyboard in Resources */ = {isa = PBXBuildFile; fileRef = 9E7F6D7E2890DD8600B4E556 /* Main.storyboard */; };
		9E7F6D822890DD8900B4E556 /* Assets.xcassets in Resources */ = {isa = PBXBuildFile; fileRef = 9E7F6D812890DD8900B4E556 /* Assets.xcassets */; };
		9E7F6D852890DD8900B4E556 /* LaunchScreen.storyboard in Resources */ = {isa = PBXBuildFile; fileRef = 9E7F6D832890DD8900B4E556 /* LaunchScreen.storyboard */; };
		9E7F6D8D2890E1F600B4E556 /* SearchViewController.swift in Sources */ = {isa = PBXBuildFile; fileRef = 9E7F6D8C2890E1F500B4E556 /* SearchViewController.swift */; };
		9E7F6D902890E4CE00B4E556 /* ListTableViewCell.swift in Sources */ = {isa = PBXBuildFile; fileRef = 9E7F6D8E2890E4CE00B4E556 /* ListTableViewCell.swift */; };
		9E7F6D912890E4CE00B4E556 /* ListTableViewCell.xib in Resources */ = {isa = PBXBuildFile; fileRef = 9E7F6D8F2890E4CE00B4E556 /* ListTableViewCell.xib */; };
/* End PBXBuildFile section */

/* Begin PBXFileReference section */
		9E7F6D752890DD8600B4E556 /* 4thWeekSeSAC.app */ = {isa = PBXFileReference; explicitFileType = wrapper.application; includeInIndex = 0; path = 4thWeekSeSAC.app; sourceTree = BUILT_PRODUCTS_DIR; };
		9E7F6D782890DD8600B4E556 /* AppDelegate.swift */ = {isa = PBXFileReference; lastKnownFileType = sourcecode.swift; path = AppDelegate.swift; sourceTree = "<group>"; };
		9E7F6D7A2890DD8600B4E556 /* SceneDelegate.swift */ = {isa = PBXFileReference; lastKnownFileType = sourcecode.swift; path = SceneDelegate.swift; sourceTree = "<group>"; };
		9E7F6D7C2890DD8600B4E556 /* ViewController.swift */ = {isa = PBXFileReference; lastKnownFileType = sourcecode.swift; path = ViewController.swift; sourceTree = "<group>"; };
		9E7F6D7F2890DD8600B4E556 /* Base */ = {isa = PBXFileReference; lastKnownFileType = file.storyboard; name = Base; path = Base.lproj/Main.storyboard; sourceTree = "<group>"; };
		9E7F6D812890DD8900B4E556 /* Assets.xcassets */ = {isa = PBXFileReference; lastKnownFileType = folder.assetcatalog; path = Assets.xcassets; sourceTree = "<group>"; };
		9E7F6D842890DD8900B4E556 /* Base */ = {isa = PBXFileReference; lastKnownFileType = file.storyboard; name = Base; path = Base.lproj/LaunchScreen.storyboard; sourceTree = "<group>"; };
		9E7F6D862890DD8900B4E556 /* Info.plist */ = {isa = PBXFileReference; lastKnownFileType = text.plist.xml; path = Info.plist; sourceTree = "<group>"; };
		9E7F6D8C2890E1F500B4E556 /* SearchViewController.swift */ = {isa = PBXFileReference; lastKnownFileType = sourcecode.swift; path = SearchViewController.swift; sourceTree = "<group>"; };
		9E7F6D8E2890E4CE00B4E556 /* ListTableViewCell.swift */ = {isa = PBXFileReference; lastKnownFileType = sourcecode.swift; path = ListTableViewCell.swift; sourceTree = "<group>"; };
		9E7F6D8F2890E4CE00B4E556 /* ListTableViewCell.xib */ = {isa = PBXFileReference; lastKnownFileType = file.xib; path = ListTableViewCell.xib; sourceTree = "<group>"; };
/* End PBXFileReference section */

/* Begin PBXFrameworksBuildPhase section */
		9E7F6D722890DD8600B4E556 /* Frameworks */ = {
			isa = PBXFrameworksBuildPhase;
			buildActionMask = 2147483647;
			files = (
			);
			runOnlyForDeploymentPostprocessing = 0;
		};
/* End PBXFrameworksBuildPhase section */

/* Begin PBXGroup section */
		9E7F6D6C2890DD8600B4E556 = {
			isa = PBXGroup;
			children = (
				9E7F6D772890DD8600B4E556 /* 4thWeekSeSAC */,
				9E7F6D762890DD8600B4E556 /* Products */,
			);
			sourceTree = "<group>";
		};
		9E7F6D762890DD8600B4E556 /* Products */ = {
			isa = PBXGroup;
			children = (
				9E7F6D752890DD8600B4E556 /* 4thWeekSeSAC.app */,
			);
			name = Products;
			sourceTree = "<group>";
		};
		9E7F6D772890DD8600B4E556 /* 4thWeekSeSAC */ = {
			isa = PBXGroup;
			children = (
				9E7F6D782890DD8600B4E556 /* AppDelegate.swift */,
				9E7F6D7A2890DD8600B4E556 /* SceneDelegate.swift */,
				9E7F6D7C2890DD8600B4E556 /* ViewController.swift */,
				9E7F6D7E2890DD8600B4E556 /* Main.storyboard */,
				9E7F6D8E2890E4CE00B4E556 /* ListTableViewCell.swift */,
				9E7F6D8F2890E4CE00B4E556 /* ListTableViewCell.xib */,
				9E7F6D8C2890E1F500B4E556 /* SearchViewController.swift */,
				9E7F6D812890DD8900B4E556 /* Assets.xcassets */,
				9E7F6D832890DD8900B4E556 /* LaunchScreen.storyboard */,
				9E7F6D862890DD8900B4E556 /* Info.plist */,
			);
			path = 4thWeekSeSAC;
			sourceTree = "<group>";
		};
/* End PBXGroup section */

/* Begin PBXNativeTarget section */
		9E7F6D742890DD8600B4E556 /* 4thWeekSeSAC */ = {
			isa = PBXNativeTarget;
			buildConfigurationList = 9E7F6D892890DD8900B4E556 /* Build configuration list for PBXNativeTarget "4thWeekSeSAC" */;
			buildPhases = (
				9E7F6D712890DD8600B4E556 /* Sources */,
				9E7F6D722890DD8600B4E556 /* Frameworks */,
				9E7F6D732890DD8600B4E556 /* Resources */,
			);
			buildRules = (
			);
			dependencies = (
			);
			name = 4thWeekSeSAC;
			productName = 4thWeekSeSAC;
			productReference = 9E7F6D752890DD8600B4E556 /* 4thWeekSeSAC.app */;
			productType = "com.apple.product-type.application";
		};
/* End PBXNativeTarget section */

/* Begin PBXProject section */
		9E7F6D6D2890DD8600B4E556 /* Project object */ = {
			isa = PBXProject;
			attributes = {
				BuildIndependentTargetsInParallel = 1;
				LastSwiftUpdateCheck = 1340;
				LastUpgradeCheck = 1340;
				TargetAttributes = {
					9E7F6D742890DD8600B4E556 = {
						CreatedOnToolsVersion = 13.4.1;
					};
				};
			};
			buildConfigurationList = 9E7F6D702890DD8600B4E556 /* Build configuration list for PBXProject "4thWeekSeSAC" */;
			compatibilityVersion = "Xcode 13.0";
			developmentRegion = en;
			hasScannedForEncodings = 0;
			knownRegions = (
				en,
				Base,
			);
			mainGroup = 9E7F6D6C2890DD8600B4E556;
			productRefGroup = 9E7F6D762890DD8600B4E556 /* Products */;
			projectDirPath = "";
			projectRoot = "";
			targets = (
				9E7F6D742890DD8600B4E556 /* 4thWeekSeSAC */,
			);
		};
/* End PBXProject section */

/* Begin PBXResourcesBuildPhase section */
		9E7F6D732890DD8600B4E556 /* Resources */ = {
			isa = PBXResourcesBuildPhase;
			buildActionMask = 2147483647;
			files = (
				9E7F6D852890DD8900B4E556 /* LaunchScreen.storyboard in Resources */,
				9E7F6D912890E4CE00B4E556 /* ListTableViewCell.xib in Resources */,
				9E7F6D822890DD8900B4E556 /* Assets.xcassets in Resources */,
				9E7F6D802890DD8600B4E556 /* Main.storyboard in Resources */,
			);
			runOnlyForDeploymentPostprocessing = 0;
		};
/* End PBXResourcesBuildPhase section */

/* Begin PBXSourcesBuildPhase section */
		9E7F6D712890DD8600B4E556 /* Sources */ = {
			isa = PBXSourcesBuildPhase;
			buildActionMask = 2147483647;
			files = (
				9E7F6D7D2890DD8600B4E556 /* ViewController.swift in Sources */,
				9E7F6D792890DD8600B4E556 /* AppDelegate.swift in Sources */,
				9E7F6D8D2890E1F600B4E556 /* SearchViewController.swift in Sources */,
				9E7F6D7B2890DD8600B4E556 /* SceneDelegate.swift in Sources */,
				9E7F6D902890E4CE00B4E556 /* ListTableViewCell.swift in Sources */,
			);
			runOnlyForDeploymentPostprocessing = 0;
		};
/* End PBXSourcesBuildPhase section */

/* Begin PBXVariantGroup section */
		9E7F6D7E2890DD8600B4E556 /* Main.storyboard */ = {
			isa = PBXVariantGroup;
			children = (
				9E7F6D7F2890DD8600B4E556 /* Base */,
			);
			name = Main.storyboard;
			sourceTree = "<group>";
		};
		9E7F6D832890DD8900B4E556 /* LaunchScreen.storyboard */ = {
			isa = PBXVariantGroup;
			children = (
				9E7F6D842890DD8900B4E556 /* Base */,
			);
			name = LaunchScreen.storyboard;
			sourceTree = "<group>";
		};
/* End PBXVariantGroup section */

/* Begin XCBuildConfiguration section */
		9E7F6D872890DD8900B4E556 /* Debug */ = {
			isa = XCBuildConfiguration;
			buildSettings = {
				ALWAYS_SEARCH_USER_PATHS = NO;
				CLANG_ANALYZER_NONNULL = YES;
				CLANG_ANALYZER_NUMBER_OBJECT_CONVERSION = YES_AGGRESSIVE;
				CLANG_CXX_LANGUAGE_STANDARD = "gnu++17";
				CLANG_ENABLE_MODULES = YES;
				CLANG_ENABLE_OBJC_ARC = YES;
				CLANG_ENABLE_OBJC_WEAK = YES;
				CLANG_WARN_BLOCK_CAPTURE_AUTORELEASING = YES;
				CLANG_WARN_BOOL_CONVERSION = YES;
				CLANG_WARN_COMMA = YES;
				CLANG_WARN_CONSTANT_CONVERSION = YES;
				CLANG_WARN_DEPRECATED_OBJC_IMPLEMENTATIONS = YES;
				CLANG_WARN_DIRECT_OBJC_ISA_USAGE = YES_ERROR;
				CLANG_WARN_DOCUMENTATION_COMMENTS = YES;
				CLANG_WARN_EMPTY_BODY = YES;
				CLANG_WARN_ENUM_CONVERSION = YES;
				CLANG_WARN_INFINITE_RECURSION = YES;
				CLANG_WARN_INT_CONVERSION = YES;
				CLANG_WARN_NON_LITERAL_NULL_CONVERSION = YES;
				CLANG_WARN_OBJC_IMPLICIT_RETAIN_SELF = YES;
				CLANG_WARN_OBJC_LITERAL_CONVERSION = YES;
				CLANG_WARN_OBJC_ROOT_CLASS = YES_ERROR;
				CLANG_WARN_QUOTED_INCLUDE_IN_FRAMEWORK_HEADER = YES;
				CLANG_WARN_RANGE_LOOP_ANALYSIS = YES;
				CLANG_WARN_STRICT_PROTOTYPES = YES;
				CLANG_WARN_SUSPICIOUS_MOVE = YES;
				CLANG_WARN_UNGUARDED_AVAILABILITY = YES_AGGRESSIVE;
				CLANG_WARN_UNREACHABLE_CODE = YES;
				CLANG_WARN__DUPLICATE_METHOD_MATCH = YES;
				COPY_PHASE_STRIP = NO;
				DEBUG_INFORMATION_FORMAT = dwarf;
				ENABLE_STRICT_OBJC_MSGSEND = YES;
				ENABLE_TESTABILITY = YES;
				GCC_C_LANGUAGE_STANDARD = gnu11;
				GCC_DYNAMIC_NO_PIC = NO;
				GCC_NO_COMMON_BLOCKS = YES;
				GCC_OPTIMIZATION_LEVEL = 0;
				GCC_PREPROCESSOR_DEFINITIONS = (
					"DEBUG=1",
					"$(inherited)",
				);
				GCC_WARN_64_TO_32_BIT_CONVERSION = YES;
				GCC_WARN_ABOUT_RETURN_TYPE = YES_ERROR;
				GCC_WARN_UNDECLARED_SELECTOR = YES;
				GCC_WARN_UNINITIALIZED_AUTOS = YES_AGGRESSIVE;
				GCC_WARN_UNUSED_FUNCTION = YES;
				GCC_WARN_UNUSED_VARIABLE = YES;
				IPHONEOS_DEPLOYMENT_TARGET = 15.5;
				MTL_ENABLE_DEBUG_INFO = INCLUDE_SOURCE;
				MTL_FAST_MATH = YES;
				ONLY_ACTIVE_ARCH = YES;
				SDKROOT = iphoneos;
				SWIFT_ACTIVE_COMPILATION_CONDITIONS = DEBUG;
				SWIFT_OPTIMIZATION_LEVEL = "-Onone";
			};
			name = Debug;
		};
		9E7F6D882890DD8900B4E556 /* Release */ = {
			isa = XCBuildConfiguration;
			buildSettings = {
				ALWAYS_SEARCH_USER_PATHS = NO;
				CLANG_ANALYZER_NONNULL = YES;
				CLANG_ANALYZER_NUMBER_OBJECT_CONVERSION = YES_AGGRESSIVE;
				CLANG_CXX_LANGUAGE_STANDARD = "gnu++17";
				CLANG_ENABLE_MODULES = YES;
				CLANG_ENABLE_OBJC_ARC = YES;
				CLANG_ENABLE_OBJC_WEAK = YES;
				CLANG_WARN_BLOCK_CAPTURE_AUTORELEASING = YES;
				CLANG_WARN_BOOL_CONVERSION = YES;
				CLANG_WARN_COMMA = YES;
				CLANG_WARN_CONSTANT_CONVERSION = YES;
				CLANG_WARN_DEPRECATED_OBJC_IMPLEMENTATIONS = YES;
				CLANG_WARN_DIRECT_OBJC_ISA_USAGE = YES_ERROR;
				CLANG_WARN_DOCUMENTATION_COMMENTS = YES;
				CLANG_WARN_EMPTY_BODY = YES;
				CLANG_WARN_ENUM_CONVERSION = YES;
				CLANG_WARN_INFINITE_RECURSION = YES;
				CLANG_WARN_INT_CONVERSION = YES;
				CLANG_WARN_NON_LITERAL_NULL_CONVERSION = YES;
				CLANG_WARN_OBJC_IMPLICIT_RETAIN_SELF = YES;
				CLANG_WARN_OBJC_LITERAL_CONVERSION = YES;
				CLANG_WARN_OBJC_ROOT_CLASS = YES_ERROR;
				CLANG_WARN_QUOTED_INCLUDE_IN_FRAMEWORK_HEADER = YES;
				CLANG_WARN_RANGE_LOOP_ANALYSIS = YES;
				CLANG_WARN_STRICT_PROTOTYPES = YES;
				CLANG_WARN_SUSPICIOUS_MOVE = YES;
				CLANG_WARN_UNGUARDED_AVAILABILITY = YES_AGGRESSIVE;
				CLANG_WARN_UNREACHABLE_CODE = YES;
				CLANG_WARN__DUPLICATE_METHOD_MATCH = YES;
				COPY_PHASE_STRIP = NO;
				DEBUG_INFORMATION_FORMAT = "dwarf-with-dsym";
				ENABLE_NS_ASSERTIONS = NO;
				ENABLE_STRICT_OBJC_MSGSEND = YES;
				GCC_C_LANGUAGE_STANDARD = gnu11;
				GCC_NO_COMMON_BLOCKS = YES;
				GCC_WARN_64_TO_32_BIT_CONVERSION = YES;
				GCC_WARN_ABOUT_RETURN_TYPE = YES_ERROR;
				GCC_WARN_UNDECLARED_SELECTOR = YES;
				GCC_WARN_UNINITIALIZED_AUTOS = YES_AGGRESSIVE;
				GCC_WARN_UNUSED_FUNCTION = YES;
				GCC_WARN_UNUSED_VARIABLE = YES;
				IPHONEOS_DEPLOYMENT_TARGET = 15.5;
				MTL_ENABLE_DEBUG_INFO = NO;
				MTL_FAST_MATH = YES;
				SDKROOT = iphoneos;
				SWIFT_COMPILATION_MODE = wholemodule;
				SWIFT_OPTIMIZATION_LEVEL = "-O";
				VALIDATE_PRODUCT = YES;
			};
			name = Release;
		};
		9E7F6D8A2890DD8900B4E556 /* Debug */ = {
			isa = XCBuildConfiguration;
			buildSettings = {
				ASSETCATALOG_COMPILER_APPICON_NAME = AppIcon;
				ASSETCATALOG_COMPILER_GLOBAL_ACCENT_COLOR_NAME = AccentColor;
				CODE_SIGN_STYLE = Automatic;
				CURRENT_PROJECT_VERSION = 1;
				DEVELOPMENT_TEAM = K27UK338MM;
				GENERATE_INFOPLIST_FILE = YES;
				INFOPLIST_FILE = 4thWeekSeSAC/Info.plist;
				INFOPLIST_KEY_UIApplicationSupportsIndirectInputEvents = YES;
				INFOPLIST_KEY_UILaunchStoryboardName = LaunchScreen;
				INFOPLIST_KEY_UIMainStoryboardFile = Main;
				INFOPLIST_KEY_UISupportedInterfaceOrientations_iPad = "UIInterfaceOrientationPortrait UIInterfaceOrientationPortraitUpsideDown UIInterfaceOrientationLandscapeLeft UIInterfaceOrientationLandscapeRight";
				INFOPLIST_KEY_UISupportedInterfaceOrientations_iPhone = "UIInterfaceOrientationPortrait UIInterfaceOrientationLandscapeLeft UIInterfaceOrientationLandscapeRight";
				LD_RUNPATH_SEARCH_PATHS = (
					"$(inherited)",
					"@executable_path/Frameworks",
				);
				MARKETING_VERSION = 1.0;
				PRODUCT_BUNDLE_IDENTIFIER = "com.Anniekang.-thWeekSeSAC";
				PRODUCT_NAME = "$(TARGET_NAME)";
				SWIFT_EMIT_LOC_STRINGS = YES;
				SWIFT_VERSION = 5.0;
				TARGETED_DEVICE_FAMILY = "1,2";
			};
			name = Debug;
		};
		9E7F6D8B2890DD8900B4E556 /* Release */ = {
			isa = XCBuildConfiguration;
			buildSettings = {
				ASSETCATALOG_COMPILER_APPICON_NAME = AppIcon;
				ASSETCATALOG_COMPILER_GLOBAL_ACCENT_COLOR_NAME = AccentColor;
				CODE_SIGN_STYLE = Automatic;
				CURRENT_PROJECT_VERSION = 1;
				DEVELOPMENT_TEAM = K27UK338MM;
				GENERATE_INFOPLIST_FILE = YES;
				INFOPLIST_FILE = 4thWeekSeSAC/Info.plist;
				INFOPLIST_KEY_UIApplicationSupportsIndirectInputEvents = YES;
				INFOPLIST_KEY_UILaunchStoryboardName = LaunchScreen;
				INFOPLIST_KEY_UIMainStoryboardFile = Main;
				INFOPLIST_KEY_UISupportedInterfaceOrientations_iPad = "UIInterfaceOrientationPortrait UIInterfaceOrientationPortraitUpsideDown UIInterfaceOrientationLandscapeLeft UIInterfaceOrientationLandscapeRight";
				INFOPLIST_KEY_UISupportedInterfaceOrientations_iPhone = "UIInterfaceOrientationPortrait UIInterfaceOrientationLandscapeLeft UIInterfaceOrientationLandscapeRight";
				LD_RUNPATH_SEARCH_PATHS = (
					"$(inherited)",
					"@executable_path/Frameworks",
				);
				MARKETING_VERSION = 1.0;
				PRODUCT_BUNDLE_IDENTIFIER = "com.Anniekang.-thWeekSeSAC";
				PRODUCT_NAME = "$(TARGET_NAME)";
				SWIFT_EMIT_LOC_STRINGS = YES;
				SWIFT_VERSION = 5.0;
				TARGETED_DEVICE_FAMILY = "1,2";
			};
			name = Release;
		};
/* End XCBuildConfiguration section */

/* Begin XCConfigurationList section */
		9E7F6D702890DD8600B4E556 /* Build configuration list for PBXProject "4thWeekSeSAC" */ = {
			isa = XCConfigurationList;
			buildConfigurations = (
				9E7F6D872890DD8900B4E556 /* Debug */,
				9E7F6D882890DD8900B4E556 /* Release */,
			);
			defaultConfigurationIsVisible = 0;
			defaultConfigurationName = Release;
		};
		9E7F6D892890DD8900B4E556 /* Build configuration list for PBXNativeTarget "4thWeekSeSAC" */ = {
			isa = XCConfigurationList;
			buildConfigurations = (
				9E7F6D8A2890DD8900B4E556 /* Debug */,
				9E7F6D8B2890DD8900B4E556 /* Release */,
			);
			defaultConfigurationIsVisible = 0;
			defaultConfigurationName = Release;
		};
/* End XCConfigurationList section */
	};
	rootObject = 9E7F6D6D2890DD8600B4E556 /* Project object */;
}
